Microsoft Visual Studio Solution File, Format Version 12.00
# Visual Studio Version 17
VisualStudioVersion = 17.5.2.0
MinimumVisualStudioVersion = 10.0.40219.1
Project("{FAE04EC0-301F-11D3-BF4B-00C04F79EFBC}") = "2-json-apis", "2-json-apis.csproj", "{AC124D6D-2081-8B3B-D4D2-FA8231F0632D}"
EndProject
Global
	GlobalSection(SolutionConfigurationPlatforms) = preSolution
		Debug|Any CPU = Debug|Any CPU
		Release|Any CPU = Release|Any CPU
	EndGlobalSection
	GlobalSection(ProjectConfigurationPlatforms) = postSolution
		{AC124D6D-2081-8B3B-D4D2-FA8231F0632D}.Debug|Any CPU.ActiveCfg = Debug|Any CPU
		{AC124D6D-2081-8B3B-D4D2-FA8231F0632D}.Debug|Any CPU.Build.0 = Debug|Any CPU
		{AC124D6D-2081-8B3B-D4D2-FA8231F0632D}.Release|Any CPU.ActiveCfg = Release|Any CPU
		{AC124D6D-2081-8B3B-D4D2-FA8231F0632D}.Release|Any CPU.Build.0 = Release|Any CPU
	EndGlobalSection
	GlobalSection(SolutionProperties) = preSolution
		HideSolutionNode = FALSE
	EndGlobalSection
	GlobalSection(ExtensibilityGlobals) = postSolution
		SolutionGuid = {F3A0E7B3-2BE5-4C10-8924-14542F658CE3}
	EndGlobalSection
EndGlobal
