
Microsoft Visual Studio Solution File, Format Version 12.00
# Visual Studio Version 17
VisualStudioVersion = 17.1.31911.260
MinimumVisualStudioVersion = 10.0.40219.1
Project("{2150E333-8FDC-42A3-9474-1A3956D46DE8}") = "src", "src", "{CCC94E40-901B-427F-B54A-EFCB53BC12A6}"
EndProject
Project("{2150E333-8FDC-42A3-9474-1A3956D46DE8}") = "test", "test", "{BCAF2C73-1D73-4BEB-945A-053B9F896C77}"
EndProject
Project("{9A19103F-16F7-4668-BE54-9A1E7A4F7556}") = "ConsoleApp", "ConsoleApp\ConsoleApp.csproj", "{A161150D-4427-4096-9441-B532CABD836C}"
EndProject
Project("{FAE04EC0-301F-11D3-BF4B-00C04F79EFBC}") = "RecordsTests", "RecordsTests\RecordsTests.csproj", "{8ED02EDF-C0BC-4787-AC75-84A6C886F99A}"
EndProject
Global
	GlobalSection(SolutionConfigurationPlatforms) = preSolution
		Debug|Any CPU = Debug|Any CPU
		Release|Any CPU = Release|Any CPU
	EndGlobalSection
	GlobalSection(ProjectConfigurationPlatforms) = postSolution
		{A161150D-4427-4096-9441-B532CABD836C}.Debug|Any CPU.ActiveCfg = Debug|Any CPU
		{A161150D-4427-4096-9441-B532CABD836C}.Debug|Any CPU.Build.0 = Debug|Any CPU
		{A161150D-4427-4096-9441-B532CABD836C}.Release|Any CPU.ActiveCfg = Release|Any CPU
		{A161150D-4427-4096-9441-B532CABD836C}.Release|Any CPU.Build.0 = Release|Any CPU
		{8ED02EDF-C0BC-4787-AC75-84A6C886F99A}.Debug|Any CPU.ActiveCfg = Debug|Any CPU
		{8ED02EDF-C0BC-4787-AC75-84A6C886F99A}.Debug|Any CPU.Build.0 = Debug|Any CPU
		{8ED02EDF-C0BC-4787-AC75-84A6C886F99A}.Release|Any CPU.ActiveCfg = Release|Any CPU
		{8ED02EDF-C0BC-4787-AC75-84A6C886F99A}.Release|Any CPU.Build.0 = Release|Any CPU
	EndGlobalSection
	GlobalSection(SolutionProperties) = preSolution
		HideSolutionNode = FALSE
	EndGlobalSection
	GlobalSection(NestedProjects) = preSolution
		{A161150D-4427-4096-9441-B532CABD836C} = {CCC94E40-901B-427F-B54A-EFCB53BC12A6}
		{8ED02EDF-C0BC-4787-AC75-84A6C886F99A} = {BCAF2C73-1D73-4BEB-945A-053B9F896C77}
	EndGlobalSection
	GlobalSection(ExtensibilityGlobals) = postSolution
		SolutionGuid = {CAAEB794-799E-4933-9127-A5E91ED92EE4}
	EndGlobalSection
EndGlobal
