Microsoft Visual Studio Solution File, Format Version 12.00
# Visual Studio Version 17
VisualStudioVersion = 17.5.2.0
MinimumVisualStudioVersion = 10.0.40219.1
Project("{FAE04EC0-301F-11D3-BF4B-00C04F79EFBC}") = "chapter-15", "chapter-15.csproj", "{B7B6565B-C81C-4C7B-46B5-E3AA26F11C24}"
EndProject
Global
	GlobalSection(SolutionConfigurationPlatforms) = preSolution
		Debug|Any CPU = Debug|Any CPU
		Release|Any CPU = Release|Any CPU
	EndGlobalSection
	GlobalSection(ProjectConfigurationPlatforms) = postSolution
		{B7B6565B-C81C-4C7B-46B5-E3AA26F11C24}.Debug|Any CPU.ActiveCfg = Debug|Any CPU
		{B7B6565B-C81C-4C7B-46B5-E3AA26F11C24}.Debug|Any CPU.Build.0 = Debug|Any CPU
		{B7B6565B-C81C-4C7B-46B5-E3AA26F11C24}.Release|Any CPU.ActiveCfg = Release|Any CPU
		{B7B6565B-C81C-4C7B-46B5-E3AA26F11C24}.Release|Any CPU.Build.0 = Release|Any CPU
	EndGlobalSection
	GlobalSection(SolutionProperties) = preSolution
		HideSolutionNode = FALSE
	EndGlobalSection
	GlobalSection(ExtensibilityGlobals) = postSolution
		SolutionGuid = {5719FBD6-118E-440D-9DBE-491E45267387}
	EndGlobalSection
EndGlobal
